
Microsoft Visual Studio Solution File, Format Version 12.00
# Visual Studio Version 16
VisualStudioVersion = 16.0.29806.167
MinimumVisualStudioVersion = 10.0.40219.1
Project("{9A19103F-16F7-4668-BE54-9A1E7A4F7556}") = "IntroToMVC", "IntroToMVC\IntroToMVC.csproj", "{B1E9B3C5-9007-4146-8617-C6CD77BEFED6}"
EndProject
Project("{FAE04EC0-301F-11D3-BF4B-00C04F79EFBC}") = "IntroToMVC.DAL", "IntroToMVC.DAL\IntroToMVC.DAL.csproj", "{F5ACDD8B-7156-4316-8E57-65081393474A}"
EndProject
Global
	GlobalSection(SolutionConfigurationPlatforms) = preSolution
		Debug|Any CPU = Debug|Any CPU
		Release|Any CPU = Release|Any CPU
	EndGlobalSection
	GlobalSection(ProjectConfigurationPlatforms) = postSolution
		{B1E9B3C5-9007-4146-8617-C6CD77BEFED6}.Debug|Any CPU.ActiveCfg = Debug|Any CPU
		{B1E9B3C5-9007-4146-8617-C6CD77BEFED6}.Debug|Any CPU.Build.0 = Debug|Any CPU
		{B1E9B3C5-9007-4146-8617-C6CD77BEFED6}.Release|Any CPU.ActiveCfg = Release|Any CPU
		{B1E9B3C5-9007-4146-8617-C6CD77BEFED6}.Release|Any CPU.Build.0 = Release|Any CPU
		{F5ACDD8B-7156-4316-8E57-65081393474A}.Debug|Any CPU.ActiveCfg = Debug|Any CPU
		{F5ACDD8B-7156-4316-8E57-65081393474A}.Debug|Any CPU.Build.0 = Debug|Any CPU
		{F5ACDD8B-7156-4316-8E57-65081393474A}.Release|Any CPU.ActiveCfg = Release|Any CPU
		{F5ACDD8B-7156-4316-8E57-65081393474A}.Release|Any CPU.Build.0 = Release|Any CPU
	EndGlobalSection
	GlobalSection(SolutionProperties) = preSolution
		HideSolutionNode = FALSE
	EndGlobalSection
	GlobalSection(ExtensibilityGlobals) = postSolution
		SolutionGuid = {E08F6667-6D83-48D9-B1AA-7A1E4EAEB13F}
	EndGlobalSection
EndGlobal
